<?xml version="1.0" encoding="utf-8"?>
<Project ToolsVersion="4.0" xmlns="http://schemas.microsoft.com/developer/msbuild/2003">
  <ItemGroup>
    <Filter Include="源文件">
      <UniqueIdentifier>{4FC737F1-C7A5-4376-A066-2A32D752A2FF}</UniqueIdentifier>
      <Extensions>cpp;c;cc;cxx;def;odl;idl;hpj;bat;asm;asmx</Extensions>
    </Filter>
    <Filter Include="头文件">
      <UniqueIdentifier>{93995380-89BD-4b04-88EB-625FBE52EBFB}</UniqueIdentifier>
      <Extensions>h;hpp;hxx;hm;inl;inc;xsd</Extensions>
    </Filter>
    <Filter Include="资源文件">
      <UniqueIdentifier>{67DA6AB6-F800-4c08-8B7A-83BB121AAD01}</UniqueIdentifier>
      <Extensions>rc;ico;cur;bmp;dlg;rc2;rct;bin;rgs;gif;jpg;jpeg;jpe;resx;tiff;tif;png;wav;mfcribbon-ms</Extensions>
    </Filter>
  </ItemGroup>
  <ItemGroup>
    <ClCompile Include="main.cpp">
      <Filter>源文件</Filter>
    </ClCompile>
    <ClCompile Include="1.两数之和.cpp">
      <Filter>源文件</Filter>
    </ClCompile>
    <ClCompile Include="2.两数相加.cpp">
      <Filter>源文件</Filter>
    </ClCompile>
    <ClCompile Include="200.岛屿数量.cpp">
      <Filter>源文件</Filter>
    </ClCompile>
    <ClCompile Include="752.打开转盘锁.cpp">
      <Filter>源文件</Filter>
    </ClCompile>
    <ClCompile Include="155.最小栈.cpp">
      <Filter>源文件</Filter>
    </ClCompile>
    <ClCompile Include="20.有效的括号.cpp">
      <Filter>源文件</Filter>
    </ClCompile>
    <ClCompile Include="739.每日温度.cpp">
      <Filter>源文件</Filter>
    </ClCompile>
    <ClCompile Include="150.逆波兰表达式求值.cpp">
      <Filter>源文件</Filter>
    </ClCompile>
    <ClCompile Include="133.克隆图---.cpp">
      <Filter>源文件</Filter>
    </ClCompile>
    <ClCompile Include="94.二叉树的中序遍历.cpp">
      <Filter>源文件</Filter>
    </ClCompile>
    <ClCompile Include="232.用栈实现队列.cpp">
      <Filter>源文件</Filter>
    </ClCompile>
    <ClCompile Include="225.用队列实现栈.cpp">
      <Filter>源文件</Filter>
    </ClCompile>
    <ClCompile Include="394.字符串解码.cpp">
      <Filter>源文件</Filter>
    </ClCompile>
    <ClCompile Include="733.图像渲染.cpp">
      <Filter>源文件</Filter>
    </ClCompile>
    <ClCompile Include="724.寻找数组的中心索引.cpp">
      <Filter>源文件</Filter>
    </ClCompile>
    <ClCompile Include="747.至少是其他数字两倍的最大数.cpp">
      <Filter>源文件</Filter>
    </ClCompile>
    <ClCompile Include="66.加一.cpp">
      <Filter>源文件</Filter>
    </ClCompile>
    <ClCompile Include="498.对角线遍历.cpp">
      <Filter>源文件</Filter>
    </ClCompile>
    <ClCompile Include="54.螺旋矩阵.cpp">
      <Filter>源文件</Filter>
    </ClCompile>
    <ClCompile Include="118.杨辉三角.cpp">
      <Filter>源文件</Filter>
    </ClCompile>
    <ClCompile Include="67.二进制求和.cpp">
      <Filter>源文件</Filter>
    </ClCompile>
    <ClCompile Include="28.实现 strStr().cpp">
      <Filter>源文件</Filter>
    </ClCompile>
    <ClCompile Include="14.最长公共前缀.cpp">
      <Filter>源文件</Filter>
    </ClCompile>
    <ClCompile Include="344.反转字符串.cpp">
      <Filter>源文件</Filter>
    </ClCompile>
    <ClCompile Include="561.数组拆分 I.cpp">
      <Filter>源文件</Filter>
    </ClCompile>
    <ClCompile Include="167.两数之和 II - 输入有序数组.cpp">
      <Filter>源文件</Filter>
    </ClCompile>
    <ClCompile Include="27.移除元素.cpp">
      <Filter>源文件</Filter>
    </ClCompile>
    <ClCompile Include="485.最大连续1的个数.cpp">
      <Filter>源文件</Filter>
    </ClCompile>
    <ClCompile Include="209.长度最小的子数组----.cpp">
      <Filter>源文件</Filter>
    </ClCompile>
    <ClCompile Include="189.旋转数组.cpp">
      <Filter>源文件</Filter>
    </ClCompile>
    <ClCompile Include="119.杨辉三角 II.cpp">
      <Filter>源文件</Filter>
    </ClCompile>
    <ClCompile Include="151.翻转字符串里的单词.cpp">
      <Filter>源文件</Filter>
    </ClCompile>
    <ClCompile Include="557.反转字符串中的单词 III.cpp">
      <Filter>源文件</Filter>
    </ClCompile>
    <ClCompile Include="26.删除排序数组中的重复项.cpp">
      <Filter>源文件</Filter>
    </ClCompile>
    <ClCompile Include="283.移动零.cpp">
      <Filter>源文件</Filter>
    </ClCompile>
    <ClCompile Include="707.设计链表.cpp">
      <Filter>源文件</Filter>
    </ClCompile>
    <ClCompile Include="141.环形链表.cpp">
      <Filter>源文件</Filter>
    </ClCompile>
  </ItemGroup>
</Project>